{
  "dependencies": {
    "lwip": {
      "version": "0.0.8",
      "resolved": "https://registry.npmjs.org/lwip/-/lwip-0.0.8.tgz",
      "from": "https://registry.npmjs.org/lwip/-/lwip-0.0.8.tgz",
      "dependencies": {
        "async": {
          "version": "0.9.2",
          "resolved": "https://registry.npmjs.org/async/-/async-0.9.2.tgz",
          "from": "https://registry.npmjs.org/async/-/async-0.9.2.tgz"
        },
        "decree": {
          "version": "0.0.6",
          "resolved": "https://registry.npmjs.org/decree/-/decree-0.0.6.tgz",
          "from": "https://registry.npmjs.org/decree/-/decree-0.0.6.tgz",
          "dependencies": {
            "lodash-node": {
              "version": "2.4.1",
              "resolved": "https://registry.npmjs.org/lodash-node/-/lodash-node-2.4.1.tgz",
              "from": "https://registry.npmjs.org/lodash-node/-/lodash-node-2.4.1.tgz"
            }
          }
        },
        "nan": {
          "version": "2.0.9",
          "resolved": "https://registry.npmjs.org/nan/-/nan-2.0.9.tgz",
          "from": "https://registry.npmjs.org/nan/-/nan-2.0.9.tgz"
        }
      }
    },
    "stream-to-buffer": {
      "version": "0.1.0",
      "resolved": "https://registry.npmjs.org/stream-to-buffer/-/stream-to-buffer-0.1.0.tgz",
      "from": "https://registry.npmjs.org/stream-to-buffer/-/stream-to-buffer-0.1.0.tgz",
      "dependencies": {
        "stream-to": {
          "version": "0.2.2",
          "resolved": "https://registry.npmjs.org/stream-to/-/stream-to-0.2.2.tgz",
          "from": "https://registry.npmjs.org/stream-to/-/stream-to-0.2.2.tgz"
        }
      }
    },
    "streamifier": {
      "version": "0.1.1",
      "resolved": "https://registry.npmjs.org/streamifier/-/streamifier-0.1.1.tgz",
      "from": "https://registry.npmjs.org/streamifier/-/streamifier-0.1.1.tgz"
    }
  }
}
